{
	"name": "InfiniTime",
	"lockfileVersion": 3,
	"requires": true,
	"packages": {
		"": {
			"dependencies": {
				"lv_font_conv": "^1.5.3"
			}
		},
		"node_modules/lv_font_conv": {
			"version": "1.5.3",
			"resolved": "https://registry.npmjs.org/lv_font_conv/-/lv_font_conv-1.5.3.tgz",
			"integrity": "sha512-0xJQThBOw2iptFccSXrKDIUTQAwr/2zhKjCI1lATIRgZo8uvYRTmenKafW9yTw6G0y5AyW00tqGpUtYuTuBIbQ==",
			"bundleDependencies": [
				"argparse",
				"bit-buffer",
				"debug",
				"make-error",
				"mkdirp",
				"opentype.js",
				"pngjs"
			],
			"license": "MIT",
			"dependencies": {
				"argparse": "^2.0.0",
				"bit-buffer": "^0.2.5",
				"debug": "^4.3.3",
				"make-error": "^1.3.5",
				"mkdirp": "^1.0.4",
				"opentype.js": "^1.3.4",
				"pngjs": "^6.0.0"
			},
			"bin": {
				"lv_font_conv": "lv_font_conv.js"
			}
		},
		"node_modules/lv_font_conv/node_modules/argparse": {
			"version": "2.0.1",
			"inBundle": true,
			"license": "Python-2.0"
		},
		"node_modules/lv_font_conv/node_modules/bit-buffer": {
			"version": "0.2.5",
			"inBundle": true,
			"license": "MIT"
		},
		"node_modules/lv_font_conv/node_modules/debug": {
			"version": "4.3.4",
			"inBundle": true,
			"license": "MIT",
			"dependencies": {
				"ms": "2.1.2"
			},
			"engines": {
				"node": ">=6.0"
			},
			"peerDependenciesMeta": {
				"supports-color": {
					"optional": true
				}
			}
		},
		"node_modules/lv_font_conv/node_modules/make-error": {
			"version": "1.3.6",
			"inBundle": true,
			"license": "ISC"
		},
		"node_modules/lv_font_conv/node_modules/mkdirp": {
			"version": "1.0.4",
			"inBundle": true,
			"license": "MIT",
			"bin": {
				"mkdirp": "bin/cmd.js"
			},
			"engines": {
				"node": ">=10"
			}
		},
		"node_modules/lv_font_conv/node_modules/ms": {
			"version": "2.1.2",
			"inBundle": true,
			"license": "MIT"
		},
		"node_modules/lv_font_conv/node_modules/opentype.js": {
			"version": "1.3.4",
			"inBundle": true,
			"license": "MIT",
			"dependencies": {
				"string.prototype.codepointat": "^0.2.1",
				"tiny-inflate": "^1.0.3"
			},
			"bin": {
				"ot": "bin/ot"
			},
			"engines": {
				"node": ">= 8.0.0"
			}
		},
		"node_modules/lv_font_conv/node_modules/pngjs": {
			"version": "6.0.0",
			"inBundle": true,
			"license": "MIT",
			"engines": {
				"node": ">=12.13.0"
			}
		},
		"node_modules/lv_font_conv/node_modules/string.prototype.codepointat": {
			"version": "0.2.1",
			"inBundle": true,
			"license": "MIT"
		},
		"node_modules/lv_font_conv/node_modules/tiny-inflate": {
			"version": "1.0.3",
			"inBundle": true,
			"license": "MIT"
		}
	}
}
